
Microsoft Visual Studio Solution File, Format Version 12.00
# Visual Studio Version 16
VisualStudioVersion = 16.0.31727.386
MinimumVisualStudioVersion = 10.0.40219.1
Project("{9A19103F-16F7-4668-BE54-9A1E7A4F7556}") = "ConsoleApp", "ConsoleApp\ConsoleApp.csproj", "{989CF6E3-8B5C-4B1E-94CE-16377FFB8977}"
EndProject
Project("{FAE04EC0-301F-11D3-BF4B-00C04F79EFBC}") = "ProductsApi", "ProductsApi\ProductsApi.csproj", "{9C0D8472-1FD3-4C01-A40B-370AC7397604}"
EndProject
Project("{FAE04EC0-301F-11D3-BF4B-00C04F79EFBC}") = "CustomersApi", "CustomersApi\CustomersApi.csproj", "{FCDD1DFC-3381-4BA7-BB3D-848A6C670637}"
EndProject
Global
	GlobalSection(SolutionConfigurationPlatforms) = preSolution
		Debug|Any CPU = Debug|Any CPU
		Release|Any CPU = Release|Any CPU
	EndGlobalSection
	GlobalSection(ProjectConfigurationPlatforms) = postSolution
		{989CF6E3-8B5C-4B1E-94CE-16377FFB8977}.Debug|Any CPU.ActiveCfg = Debug|Any CPU
		{989CF6E3-8B5C-4B1E-94CE-16377FFB8977}.Debug|Any CPU.Build.0 = Debug|Any CPU
		{989CF6E3-8B5C-4B1E-94CE-16377FFB8977}.Release|Any CPU.ActiveCfg = Release|Any CPU
		{989CF6E3-8B5C-4B1E-94CE-16377FFB8977}.Release|Any CPU.Build.0 = Release|Any CPU
		{9C0D8472-1FD3-4C01-A40B-370AC7397604}.Debug|Any CPU.ActiveCfg = Debug|Any CPU
		{9C0D8472-1FD3-4C01-A40B-370AC7397604}.Debug|Any CPU.Build.0 = Debug|Any CPU
		{9C0D8472-1FD3-4C01-A40B-370AC7397604}.Release|Any CPU.ActiveCfg = Release|Any CPU
		{9C0D8472-1FD3-4C01-A40B-370AC7397604}.Release|Any CPU.Build.0 = Release|Any CPU
		{FCDD1DFC-3381-4BA7-BB3D-848A6C670637}.Debug|Any CPU.ActiveCfg = Debug|Any CPU
		{FCDD1DFC-3381-4BA7-BB3D-848A6C670637}.Debug|Any CPU.Build.0 = Debug|Any CPU
		{FCDD1DFC-3381-4BA7-BB3D-848A6C670637}.Release|Any CPU.ActiveCfg = Release|Any CPU
		{FCDD1DFC-3381-4BA7-BB3D-848A6C670637}.Release|Any CPU.Build.0 = Release|Any CPU
	EndGlobalSection
	GlobalSection(SolutionProperties) = preSolution
		HideSolutionNode = FALSE
	EndGlobalSection
	GlobalSection(ExtensibilityGlobals) = postSolution
		SolutionGuid = {159598D3-7A90-4D1B-B77F-51505113C899}
	EndGlobalSection
EndGlobal
